{
  "version": 4,
  "terraform_version": "1.3.5",
  "serial": 2,
  "lineage": "141c8af1-ffbc-50fe-25ae-6cc303552472",
  "outputs": {
    "serverip": {
      "value": "193.196.55.178",
      "type": "string"
    }
  },
  "resources": [
    {
      "mode": "data",
      "type": "openstack_compute_flavor_v2",
      "name": "flavor",
      "provider": "provider[\"registry.terraform.io/terraform-provider-openstack/openstack\"]",
      "instances": [
        {
          "schema_version": 0,
          "attributes": {
            "description": "",
            "disk": 12,
            "extra_specs": {
              "quota:disk_read_bytes_sec": "104857600",
              "quota:disk_read_iops_sec": "800",
              "quota:disk_write_bytes_sec": "104857600",
              "quota:disk_write_iops_sec": "800",
              "quota:vif_inbound_average": "102400",
              "quota:vif_inbound_burst": "204800",
              "quota:vif_inbound_peak": "204800",
              "quota:vif_outbound_average": "102400",
              "quota:vif_outbound_burst": "204800",
              "quota:vif_outbound_peak": "204800"
            },
            "flavor_id": "94013f91-51d4-4f29-aca6-7607cb2bed81",
            "id": "94013f91-51d4-4f29-aca6-7607cb2bed81",
            "is_public": true,
            "min_disk": null,
            "min_ram": null,
            "name": "m1.small",
            "ram": 2048,
            "region": null,
            "rx_tx_factor": 1,
            "swap": 0,
            "vcpus": 1
          },
          "sensitive_attributes": []
        }
      ]
    },
    {
      "mode": "data",
      "type": "openstack_images_image_v2",
      "name": "image",
      "provider": "provider[\"registry.terraform.io/terraform-provider-openstack/openstack\"]",
      "instances": [
        {
          "schema_version": 0,
          "attributes": {
            "checksum": "d273b4fb5280fcc9069cbe1bfa9634b0",
            "container_format": "bare",
            "created_at": "2020-05-06T08:04:54Z",
            "disk_format": "raw",
            "file": "/v2/images/2e170e26-3749-4326-b716-437379c9ba93/file",
            "hidden": false,
            "id": "2e170e26-3749-4326-b716-437379c9ba93",
            "member_status": null,
            "metadata": {},
            "min_disk_gb": 5,
            "min_ram_mb": 256,
            "most_recent": true,
            "name": "Ubuntu 20.04",
            "name_regex": null,
            "owner": "0e73357886c449e3a6eb13d513c49aa4",
            "properties": {
              "direct_url": "rbd://c071ed5d-6a39-49e0-bfcb-c011b9d085f8/glance/2e170e26-3749-4326-b716-437379c9ba93/snap",
              "os_distro": "linux",
              "os_hash_algo": "sha512",
              "os_hash_value": "f15dafd9588b713ccb1c87be70da4c8c41993ddeaf349abfa417b2604b6258dc036fd0fafa69f78edb186c3f1ee44052db993a95b3ca5f1114cf8791ba908d9b",
              "ssh-user": "ubuntu"
            },
            "protected": true,
            "region": "Mannheim",
            "schema": "/v2/schemas/image",
            "size_bytes": 2361393152,
            "size_max": null,
            "size_min": null,
            "sort_direction": "asc",
            "sort_key": "name",
            "tag": null,
            "tags": [],
            "updated_at": "2020-05-06T08:05:35Z",
            "visibility": "public"
          },
          "sensitive_attributes": []
        }
      ]
    },
    {
      "mode": "managed",
      "type": "openstack_compute_instance_v2",
      "name": "server",
      "provider": "provider[\"registry.terraform.io/terraform-provider-openstack/openstack\"]",
      "instances": [
        {
          "schema_version": 0,
          "attributes": {
            "access_ip_v4": "193.196.55.178",
            "access_ip_v6": "[2001:7c0:2320:1:f816:3eff:fe14:e681]",
            "admin_pass": null,
            "all_metadata": {},
            "all_tags": [],
            "availability_zone": "nova",
            "availability_zone_hints": null,
            "block_device": [],
            "config_drive": null,
            "created": "2023-04-18 10:10:48 +0000 UTC",
            "flavor_id": "94013f91-51d4-4f29-aca6-7607cb2bed81",
            "flavor_name": "m1.small",
            "floating_ip": null,
            "force_delete": false,
            "id": "574575cb-7591-4dac-a436-adfe2a1d605f",
            "image_id": "2e170e26-3749-4326-b716-437379c9ba93",
            "image_name": "Ubuntu 20.04",
            "key_pair": "BWCloud",
            "metadata": null,
            "name": "Terraform",
            "network": [
              {
                "access_network": false,
                "fixed_ip_v4": "193.196.55.178",
                "fixed_ip_v6": "[2001:7c0:2320:1:f816:3eff:fe14:e681]",
                "floating_ip": "",
                "mac": "fa:16:3e:14:e6:81",
                "name": "public-belwue",
                "port": "",
                "uuid": "c4eafee4-e84d-45ca-92a6-238302b75083"
              }
            ],
            "network_mode": null,
            "personality": [],
            "power_state": "active",
            "region": "Mannheim",
            "scheduler_hints": [],
            "security_groups": [
              "default"
            ],
            "stop_before_destroy": false,
            "tags": null,
            "timeouts": null,
            "updated": "2023-04-18 10:10:58 +0000 UTC",
            "user_data": null,
            "vendor_options": [],
            "volume": []
          },
          "sensitive_attributes": [],
          "private": "eyJlMmJmYjczMC1lY2FhLTExZTYtOGY4OC0zNDM2M2JjN2M0YzAiOnsiY3JlYXRlIjoxODAwMDAwMDAwMDAwLCJkZWxldGUiOjE4MDAwMDAwMDAwMDAsInVwZGF0ZSI6MTgwMDAwMDAwMDAwMH19",
          "dependencies": [
            "data.openstack_compute_flavor_v2.flavor",
            "data.openstack_images_image_v2.image"
          ]
        }
      ]
    }
  ],
  "check_results": null
}
